{
  "requires": true,
  "lockfileVersion": 1,
  "dependencies": {
    "async-limiter": {
      "version": "1.0.1",
      "resolved": "https://registry.npmjs.org/async-limiter/-/async-limiter-1.0.1.tgz",
      "integrity": "sha512-csOlWGAcRFJaI6m+F2WKdnMKr4HhdhFVBk0H/QbJFMCr+uO2kwohwXQPxw/9OCxp05r5ghVBFSyioixx3gfkNQ=="
    },
    "jsmpeg": {
      "version": "1.0.0",
      "resolved": "https://registry.npmjs.org/jsmpeg/-/jsmpeg-1.0.0.tgz",
      "integrity": "sha1-fkFRbXSHIOBjNjku65UXCa5TJEI="
    },
    "node-rtsp-stream": {
      "version": "0.0.9",
      "resolved": "https://registry.npmjs.org/node-rtsp-stream/-/node-rtsp-stream-0.0.9.tgz",
      "integrity": "sha512-ynSkdHL4fuhctl1GeK890De7n8Dw+37D6IAZGrzsFSrd4TYho6neFQpMS1t0ZRDGsAegKh2p6kl1l9Vo3pJk8w==",
      "requires": {
        "ws": "^7.0.0"
      }
    },
    "node-rtsp-stream-es6": {
      "version": "1.0.7",
      "resolved": "https://registry.npmjs.org/node-rtsp-stream-es6/-/node-rtsp-stream-es6-1.0.7.tgz",
      "integrity": "sha512-UsOt0Ouj6ZY6AG4QMsDBtttUq2+0JfwdptW/bCjOKh3a1FmGmBLLgmMYZIi1V3uu++MBkZT7NWarJ0tKw+YdYw==",
      "requires": {
        "jsmpeg": "^1.0.0",
        "ws": "7.1.2"
      }
    },
    "ws": {
      "version": "7.1.2",
      "resolved": "https://registry.npmjs.org/ws/-/ws-7.1.2.tgz",
      "integrity": "sha512-gftXq3XI81cJCgkUiAVixA0raD9IVmXqsylCrjRygw4+UOOGzPoxnQ6r/CnVL9i+mDncJo94tSkyrtuuQVBmrg==",
      "requires": {
        "async-limiter": "^1.0.0"
      }
    }
  }
}
